
Microsoft Visual Studio Solution File, Format Version 12.00
# Visual Studio Version 16
VisualStudioVersion = 16.0.29215.179
MinimumVisualStudioVersion = 10.0.40219.1
Project("{FAE04EC0-301F-11D3-BF4B-00C04F79EFBC}") = "WebFormProject", "WebFormProject\WebFormProject.csproj", "{941F458B-9869-4ABF-94B3-FC52628982BF}"
EndProject
Global
	GlobalSection(SolutionConfigurationPlatforms) = preSolution
		Debug|Any CPU = Debug|Any CPU
		Release|Any CPU = Release|Any CPU
	EndGlobalSection
	GlobalSection(ProjectConfigurationPlatforms) = postSolution
		{941F458B-9869-4ABF-94B3-FC52628982BF}.Debug|Any CPU.ActiveCfg = Debug|Any CPU
		{941F458B-9869-4ABF-94B3-FC52628982BF}.Debug|Any CPU.Build.0 = Debug|Any CPU
		{941F458B-9869-4ABF-94B3-FC52628982BF}.Release|Any CPU.ActiveCfg = Release|Any CPU
		{941F458B-9869-4ABF-94B3-FC52628982BF}.Release|Any CPU.Build.0 = Release|Any CPU
	EndGlobalSection
	GlobalSection(SolutionProperties) = preSolution
		HideSolutionNode = FALSE
	EndGlobalSection
	GlobalSection(ExtensibilityGlobals) = postSolution
		SolutionGuid = {364C26D0-9F14-434C-9C3F-6191626C996E}
	EndGlobalSection
EndGlobal
